
Microsoft Visual Studio Solution File, Format Version 12.00
# Visual Studio Version 16
VisualStudioVersion = 16.0.29911.84
MinimumVisualStudioVersion = 10.0.40219.1
Project("{FAE04EC0-301F-11D3-BF4B-00C04F79EFBC}") = "ZaidimasGitHub", "ZaidimasGitHub\ZaidimasGitHub.csproj", "{7A5EF1D0-F5F9-4EA5-B9F8-CA779FAB5C46}"
EndProject
Global
	GlobalSection(SolutionConfigurationPlatforms) = preSolution
		Debug|Any CPU = Debug|Any CPU
		Release|Any CPU = Release|Any CPU
	EndGlobalSection
	GlobalSection(ProjectConfigurationPlatforms) = postSolution
		{7A5EF1D0-F5F9-4EA5-B9F8-CA779FAB5C46}.Debug|Any CPU.ActiveCfg = Debug|Any CPU
		{7A5EF1D0-F5F9-4EA5-B9F8-CA779FAB5C46}.Debug|Any CPU.Build.0 = Debug|Any CPU
		{7A5EF1D0-F5F9-4EA5-B9F8-CA779FAB5C46}.Release|Any CPU.ActiveCfg = Release|Any CPU
		{7A5EF1D0-F5F9-4EA5-B9F8-CA779FAB5C46}.Release|Any CPU.Build.0 = Release|Any CPU
	EndGlobalSection
	GlobalSection(SolutionProperties) = preSolution
		HideSolutionNode = FALSE
	EndGlobalSection
	GlobalSection(ExtensibilityGlobals) = postSolution
		SolutionGuid = {28E35F52-99E3-4975-B1F5-098D0D0E9381}
	EndGlobalSection
EndGlobal
